{
  "name": "FAICTP_BACK",
  "lockfileVersion": 3,
  "requires": true,
  "packages": {
    "": {
      "dependencies": {
        "react-multi-date-picker": "^4.5.2"
      }
    },
    "node_modules/js-tokens": {
      "version": "4.0.0",
      "resolved": "https://registry.npmjs.org/js-tokens/-/js-tokens-4.0.0.tgz",
      "integrity": "sha512-RdJUflcE3cUzKiMqQgsCu06FPu9UdIJO0beYbPhHN4k6apgJtifcoCtT9bcxOpYBtpD2kCM6Sbzg4CausW/PKQ==",
      "peer": true
    },
    "node_modules/loose-envify": {
      "version": "1.4.0",
      "resolved": "https://registry.npmjs.org/loose-envify/-/loose-envify-1.4.0.tgz",
      "integrity": "sha512-lyuxPGr/Wfhrlem2CL/UcnUc1zcqKAImBDzukY7Y5F/yQiNdko6+fRLevlw1HgMySw7f611UIY408EtxRSoK3Q==",
      "peer": true,
      "dependencies": {
        "js-tokens": "^3.0.0 || ^4.0.0"
      },
      "bin": {
        "loose-envify": "cli.js"
      }
    },
    "node_modules/react": {
      "version": "18.3.1",
      "resolved": "https://registry.npmjs.org/react/-/react-18.3.1.tgz",
      "integrity": "sha512-wS+hAgJShR0KhEvPJArfuPVN1+Hz1t0Y6n5jLrGQbkb4urgPE/0Rve+1kMB1v/oWgHgm4WIcV+i7F2pTVj+2iQ==",
      "peer": true,
      "dependencies": {
        "loose-envify": "^1.1.0"
      },
      "engines": {
        "node": ">=0.10.0"
      }
    },
    "node_modules/react-date-object": {
      "version": "2.1.9",
      "resolved": "https://registry.npmjs.org/react-date-object/-/react-date-object-2.1.9.tgz",
      "integrity": "sha512-BHxD/quWOTo9fLKV/cfL/M31ePoj4a1JaJ/CnOf8Ndg3mrkh4x9wEMMkCfTrzduxDOgU8ZgR8uarhqI5G71sTg=="
    },
    "node_modules/react-dom": {
      "version": "18.3.1",
      "resolved": "https://registry.npmjs.org/react-dom/-/react-dom-18.3.1.tgz",
      "integrity": "sha512-5m4nQKp+rZRb09LNH59GM4BxTh9251/ylbKIbpe7TpGxfJ+9kv6BLkLBXIjjspbgbnIBNqlI23tRnTWT0snUIw==",
      "peer": true,
      "dependencies": {
        "loose-envify": "^1.1.0",
        "scheduler": "^0.23.2"
      },
      "peerDependencies": {
        "react": "^18.3.1"
      }
    },
    "node_modules/react-element-popper": {
      "version": "2.1.7",
      "resolved": "https://registry.npmjs.org/react-element-popper/-/react-element-popper-2.1.7.tgz",
      "integrity": "sha512-tuM2OxKlW32h+6uFSK6EENHPeZ2OGgOipHfOAl+VLWEv9/j3QkSGbD+ADX3A9uJlmq24i37n28RjJmAbGTfpEg==",
      "peerDependencies": {
        "react": ">=16.8.0",
        "react-dom": ">=16.8.0"
      }
    },
    "node_modules/react-multi-date-picker": {
      "version": "4.5.2",
      "resolved": "https://registry.npmjs.org/react-multi-date-picker/-/react-multi-date-picker-4.5.2.tgz",
      "integrity": "sha512-FgWjZB3Z6IA6XpcWiLPk85PwcRUhOiYhKK42o5k672gD/n2I6rzPfQ8bUrldOIiF/Z7FfOCdH7a6FeubzqteLg==",
      "dependencies": {
        "react-date-object": "^2.1.8",
        "react-element-popper": "^2.1.6"
      },
      "peerDependencies": {
        "react": ">=16.8.0",
        "react-dom": ">=16.8.0"
      }
    },
    "node_modules/scheduler": {
      "version": "0.23.2",
      "resolved": "https://registry.npmjs.org/scheduler/-/scheduler-0.23.2.tgz",
      "integrity": "sha512-UOShsPwz7NrMUqhR6t0hWjFduvOzbtv7toDH1/hIrfRNIDBnnBWd0CwJTGvTpngVlmwGCdP9/Zl/tVrDqcuYzQ==",
      "peer": true,
      "dependencies": {
        "loose-envify": "^1.1.0"
      }
    }
  }
}
